
Microsoft Visual Studio Solution File, Format Version 12.00
# Visual Studio Version 17
VisualStudioVersion = 17.2.32526.322
MinimumVisualStudioVersion = 10.0.40219.1
Project("{FAE04EC0-301F-11D3-BF4B-00C04F79EFBC}") = "backend", "backend\backend.csproj", "{DCBAF9D7-5C18-46F4-A7AF-201F1F0D86F7}"
EndProject
Global
	GlobalSection(SolutionConfigurationPlatforms) = preSolution
		Debug|Any CPU = Debug|Any CPU
		Release|Any CPU = Release|Any CPU
	EndGlobalSection
	GlobalSection(ProjectConfigurationPlatforms) = postSolution
		{DCBAF9D7-5C18-46F4-A7AF-201F1F0D86F7}.Debug|Any CPU.ActiveCfg = Debug|Any CPU
		{DCBAF9D7-5C18-46F4-A7AF-201F1F0D86F7}.Debug|Any CPU.Build.0 = Debug|Any CPU
		{DCBAF9D7-5C18-46F4-A7AF-201F1F0D86F7}.Release|Any CPU.ActiveCfg = Release|Any CPU
		{DCBAF9D7-5C18-46F4-A7AF-201F1F0D86F7}.Release|Any CPU.Build.0 = Release|Any CPU
	EndGlobalSection
	GlobalSection(SolutionProperties) = preSolution
		HideSolutionNode = FALSE
	EndGlobalSection
	GlobalSection(ExtensibilityGlobals) = postSolution
		SolutionGuid = {C0DC0B36-0698-4874-93BC-859AE9681B37}
	EndGlobalSection
EndGlobal
