
Microsoft Visual Studio Solution File, Format Version 12.00
# Visual Studio Version 16
VisualStudioVersion = 16.0.32510.428
MinimumVisualStudioVersion = 10.0.40219.1
Project("{FAE04EC0-301F-11D3-BF4B-00C04F79EFBC}") = "Seguridad", "Seguridad\Seguridad.csproj", "{EAEC9FDC-D7E8-4349-97A8-3903B1868AFD}"
EndProject
Global
	GlobalSection(SolutionConfigurationPlatforms) = preSolution
		Debug|Any CPU = Debug|Any CPU
		Release|Any CPU = Release|Any CPU
	EndGlobalSection
	GlobalSection(ProjectConfigurationPlatforms) = postSolution
		{EAEC9FDC-D7E8-4349-97A8-3903B1868AFD}.Debug|Any CPU.ActiveCfg = Debug|Any CPU
		{EAEC9FDC-D7E8-4349-97A8-3903B1868AFD}.Debug|Any CPU.Build.0 = Debug|Any CPU
		{EAEC9FDC-D7E8-4349-97A8-3903B1868AFD}.Release|Any CPU.ActiveCfg = Release|Any CPU
		{EAEC9FDC-D7E8-4349-97A8-3903B1868AFD}.Release|Any CPU.Build.0 = Release|Any CPU
	EndGlobalSection
	GlobalSection(SolutionProperties) = preSolution
		HideSolutionNode = FALSE
	EndGlobalSection
	GlobalSection(ExtensibilityGlobals) = postSolution
		SolutionGuid = {B724576A-4636-4C31-BE19-918F532FC142}
	EndGlobalSection
EndGlobal
